<?xml version="1.0" encoding="utf-8"?>
<Project ToolsVersion="4.0" xmlns="http://schemas.microsoft.com/developer/msbuild/2003">
  <ItemGroup>
    <ClCompile Include="source\main.cpp">
      <Filter>source</Filter>
    </ClCompile>
    <ClCompile Include="source\administer\Maneger.cpp">
      <Filter>source\administer</Filter>
    </ClCompile>
    <ClCompile Include="source\form\form.cpp">
      <Filter>source\form</Filter>
    </ClCompile>
    <ClCompile Include="source\form\form2D.cpp">
      <Filter>source\form</Filter>
    </ClCompile>
    <ClCompile Include="source\form\form3D.cpp">
      <Filter>source\form</Filter>
    </ClCompile>
    <ClCompile Include="source\form\formBillBoard.cpp">
      <Filter>source\form</Filter>
    </ClCompile>
    <ClCompile Include="source\form\formX.cpp">
      <Filter>source\form</Filter>
    </ClCompile>
    <ClCompile Include="source\administer\scene\Game.cpp">
      <Filter>source\administer\scene</Filter>
    </ClCompile>
    <ClCompile Include="source\administer\scene\GameClear.cpp">
      <Filter>source\administer\scene</Filter>
    </ClCompile>
    <ClCompile Include="source\administer\scene\Result.cpp">
      <Filter>source\administer\scene</Filter>
    </ClCompile>
    <ClCompile Include="source\administer\scene\Select.cpp">
      <Filter>source\administer\scene</Filter>
    </ClCompile>
    <ClCompile Include="source\administer\scene\Title.cpp">
      <Filter>source\administer\scene</Filter>
    </ClCompile>
    <ClCompile Include="source\administer\scene\Tutorial.cpp">
      <Filter>source\administer\scene</Filter>
    </ClCompile>
    <ClCompile Include="source\administer\Debugproc.cpp">
      <Filter>source\administer</Filter>
    </ClCompile>
    <ClCompile Include="source\administer\FrustumCulling.cpp">
      <Filter>source\administer</Filter>
    </ClCompile>
    <ClCompile Include="source\administer\Input.cpp">
      <Filter>source\administer</Filter>
    </ClCompile>
    <ClCompile Include="source\administer\netClient.cpp">
      <Filter>source\administer</Filter>
    </ClCompile>
    <ClCompile Include="source\administer\Sound.cpp">
      <Filter>source\administer</Filter>
    </ClCompile>
    <ClCompile Include="source\module\field\Dome.cpp">
      <Filter>source\module\field</Filter>
    </ClCompile>
    <ClCompile Include="source\module\field\Field.cpp">
      <Filter>source\module\field</Filter>
    </ClCompile>
    <ClCompile Include="source\module\robot\Model.cpp">
      <Filter>source\module\robot</Filter>
    </ClCompile>
    <ClCompile Include="source\module\robot\PlayerBace.cpp">
      <Filter>source\module\robot</Filter>
    </ClCompile>
    <ClCompile Include="source\module\robot\PlayerM.cpp">
      <Filter>source\module\robot</Filter>
    </ClCompile>
    <ClCompile Include="source\module\ui\Bar.cpp">
      <Filter>source\module\ui</Filter>
    </ClCompile>
    <ClCompile Include="source\module\ui\CharPicture.cpp">
      <Filter>source\module\ui</Filter>
    </ClCompile>
    <ClCompile Include="source\module\ui\Count.cpp">
      <Filter>source\module\ui</Filter>
    </ClCompile>
    <ClCompile Include="source\module\ui\Effect.cpp">
      <Filter>source\module\ui</Filter>
    </ClCompile>
    <ClCompile Include="source\module\ui\Gauge.cpp">
      <Filter>source\module\ui</Filter>
    </ClCompile>
    <ClCompile Include="source\module\ui\Icon.cpp">
      <Filter>source\module\ui</Filter>
    </ClCompile>
    <ClCompile Include="source\module\ui\Lock.cpp">
      <Filter>source\module\ui</Filter>
    </ClCompile>
    <ClCompile Include="source\module\ui\Number.cpp">
      <Filter>source\module\ui</Filter>
    </ClCompile>
    <ClCompile Include="source\module\ui\ResultScore.cpp">
      <Filter>source\module\ui</Filter>
    </ClCompile>
    <ClCompile Include="source\module\ui\Score.cpp">
      <Filter>source\module\ui</Filter>
    </ClCompile>
    <ClCompile Include="source\module\ui\Timer.cpp">
      <Filter>source\module\ui</Filter>
    </ClCompile>
    <ClCompile Include="source\module\etc\Camera.cpp">
      <Filter>source\module\etc</Filter>
    </ClCompile>
    <ClCompile Include="source\module\etc\Fade.cpp">
      <Filter>source\module\etc</Filter>
    </ClCompile>
    <ClCompile Include="source\module\etc\Light.cpp">
      <Filter>source\module\etc</Filter>
    </ClCompile>
    <ClCompile Include="source\module\etc\LocusEffect.cpp">
      <Filter>source\module\etc</Filter>
    </ClCompile>
    <ClCompile Include="source\module\field\Domeunder.cpp">
      <Filter>source\module\field</Filter>
    </ClCompile>
    <ClCompile Include="source\module\etc\Ball.cpp">
      <Filter>source\module\etc</Filter>
    </ClCompile>
    <ClCompile Include="source\exten_common.cpp">
      <Filter>source</Filter>
    </ClCompile>
    <ClCompile Include="source\module\ui\Character.cpp">
      <Filter>source\module\ui</Filter>
    </ClCompile>
    <ClCompile Include="source\module\ui\font_texture.cpp">
      <Filter>source\module\ui</Filter>
    </ClCompile>
    <ClCompile Include="source\module\ui\Scenario.cpp">
      <Filter>source\module\ui</Filter>
    </ClCompile>
    <ClCompile Include="source\module\ui\sprite.cpp">
      <Filter>source\module\ui</Filter>
    </ClCompile>
    <ClCompile Include="source\module\ui\text_box.cpp">
      <Filter>source\module\ui</Filter>
    </ClCompile>
    <ClCompile Include="source\module\etc\Goal.cpp">
      <Filter>source\module\etc</Filter>
    </ClCompile>
    <ClCompile Include="source\module\ui\Button.cpp">
      <Filter>source\module\ui</Filter>
    </ClCompile>
    <ClCompile Include="source\module\ui\Cursor.cpp">
      <Filter>source\module\ui</Filter>
    </ClCompile>
    <ClCompile Include="source\administer\scene\StageSelect.cpp">
      <Filter>source\administer\scene</Filter>
    </ClCompile>
    <ClCompile Include="source\administer\wiicon\WiiRemote.cpp">
      <Filter>source\administer\wiicontrol</Filter>
    </ClCompile>
    <ClCompile Include="source\administer\wiicon\wiimote.cpp">
      <Filter>source\administer\wiicontrol</Filter>
    </ClCompile>
    <ClCompile Include="source\module\Gimmick\Gimmick.cpp">
      <Filter>source\module\Gimmick</Filter>
    </ClCompile>
    <ClCompile Include="source\module\Gimmick\Magnet.cpp">
      <Filter>source\module\Gimmick</Filter>
    </ClCompile>
    <ClCompile Include="source\administer\Texture.cpp">
      <Filter>source\administer</Filter>
    </ClCompile>
    <ClCompile Include="source\module\etc\ShotEffect.cpp">
      <Filter>source\module\etc</Filter>
    </ClCompile>
    <ClCompile Include="source\module\ui\BlowShot.cpp">
      <Filter>source\module\ui</Filter>
    </ClCompile>
    <ClCompile Include="source\Live2D\L2DExpressionMotion.cpp">
      <Filter>source\Live2D</Filter>
    </ClCompile>
    <ClCompile Include="source\Live2D\L2DEyeBlink.cpp">
      <Filter>source\Live2D</Filter>
    </ClCompile>
    <ClCompile Include="source\Live2D\L2DMotionManager.cpp">
      <Filter>source\Live2D</Filter>
    </ClCompile>
    <ClCompile Include="source\Live2D\L2DPhysics.cpp">
      <Filter>source\Live2D</Filter>
    </ClCompile>
    <ClCompile Include="source\Live2D\L2DPose.cpp">
      <Filter>source\Live2D</Filter>
    </ClCompile>
    <ClCompile Include="source\Live2D\Live2DManager.cpp">
      <Filter>source\Live2D</Filter>
    </ClCompile>
    <ClCompile Include="source\Live2D\Live2DModel.cpp">
      <Filter>source\Live2D</Filter>
    </ClCompile>
    <ClCompile Include="source\module\ui\Cupin.cpp">
      <Filter>source\module\ui</Filter>
    </ClCompile>
    <ClCompile Include="source\module\ui\Map.cpp">
      <Filter>source\module\ui</Filter>
    </ClCompile>
    <ClCompile Include="source\Live2D\renderTarget.cpp">
      <Filter>source\Live2D</Filter>
    </ClCompile>
  </ItemGroup>
  <ItemGroup>
    <ClInclude Include="source\administer\Maneger.h">
      <Filter>source\administer</Filter>
    </ClInclude>
    <ClInclude Include="source\common.h">
      <Filter>source</Filter>
    </ClInclude>
    <ClInclude Include="source\form\form.h">
      <Filter>source\form</Filter>
    </ClInclude>
    <ClInclude Include="source\form\form2D.h">
      <Filter>source\form</Filter>
    </ClInclude>
    <ClInclude Include="source\form\form3D.h">
      <Filter>source\form</Filter>
    </ClInclude>
    <ClInclude Include="source\form\formBillBoard.h">
      <Filter>source\form</Filter>
    </ClInclude>
    <ClInclude Include="source\form\formX.h">
      <Filter>source\form</Filter>
    </ClInclude>
    <ClInclude Include="source\administer\scene\Game.h">
      <Filter>source\administer\scene</Filter>
    </ClInclude>
    <ClInclude Include="source\administer\scene\GameClear.h">
      <Filter>source\administer\scene</Filter>
    </ClInclude>
    <ClInclude Include="source\administer\scene\Result.h">
      <Filter>source\administer\scene</Filter>
    </ClInclude>
    <ClInclude Include="source\administer\scene\Select.h">
      <Filter>source\administer\scene</Filter>
    </ClInclude>
    <ClInclude Include="source\administer\scene\Title.h">
      <Filter>source\administer\scene</Filter>
    </ClInclude>
    <ClInclude Include="source\administer\scene\Tutorial.h">
      <Filter>source\administer\scene</Filter>
    </ClInclude>
    <ClInclude Include="source\administer\data.h">
      <Filter>source\administer</Filter>
    </ClInclude>
    <ClInclude Include="source\administer\Debugproc.h">
      <Filter>source\administer</Filter>
    </ClInclude>
    <ClInclude Include="source\administer\FrustumCulling.h">
      <Filter>source\administer</Filter>
    </ClInclude>
    <ClInclude Include="source\administer\Input.h">
      <Filter>source\administer</Filter>
    </ClInclude>
    <ClInclude Include="source\administer\netClient.h">
      <Filter>source\administer</Filter>
    </ClInclude>
    <ClInclude Include="source\administer\Sound.h">
      <Filter>source\administer</Filter>
    </ClInclude>
    <ClInclude Include="source\module\field\Dome.h">
      <Filter>source\module\field</Filter>
    </ClInclude>
    <ClInclude Include="source\module\field\Field.h">
      <Filter>source\module\field</Filter>
    </ClInclude>
    <ClInclude Include="source\module\field\meshfielddata.h">
      <Filter>source\module\field</Filter>
    </ClInclude>
    <ClInclude Include="source\module\robot\Model.h">
      <Filter>source\module\robot</Filter>
    </ClInclude>
    <ClInclude Include="source\module\robot\PlayerBace.h">
      <Filter>source\module\robot</Filter>
    </ClInclude>
    <ClInclude Include="source\module\robot\PlayerM.h">
      <Filter>source\module\robot</Filter>
    </ClInclude>
    <ClInclude Include="source\module\robot\robotmotiondata.h">
      <Filter>source\module\robot</Filter>
    </ClInclude>
    <ClInclude Include="source\module\ui\Bar.h">
      <Filter>source\module\ui</Filter>
    </ClInclude>
    <ClInclude Include="source\module\ui\CharPicture.h">
      <Filter>source\module\ui</Filter>
    </ClInclude>
    <ClInclude Include="source\module\ui\Count.h">
      <Filter>source\module\ui</Filter>
    </ClInclude>
    <ClInclude Include="source\module\ui\Effect.h">
      <Filter>source\module\ui</Filter>
    </ClInclude>
    <ClInclude Include="source\module\ui\Gauge.h">
      <Filter>source\module\ui</Filter>
    </ClInclude>
    <ClInclude Include="source\module\ui\Icon.h">
      <Filter>source\module\ui</Filter>
    </ClInclude>
    <ClInclude Include="source\module\ui\Lock.h">
      <Filter>source\module\ui</Filter>
    </ClInclude>
    <ClInclude Include="source\module\ui\Number.h">
      <Filter>source\module\ui</Filter>
    </ClInclude>
    <ClInclude Include="source\module\ui\ResultScore.h">
      <Filter>source\module\ui</Filter>
    </ClInclude>
    <ClInclude Include="source\module\ui\Score.h">
      <Filter>source\module\ui</Filter>
    </ClInclude>
    <ClInclude Include="source\module\ui\Timer.h">
      <Filter>source\module\ui</Filter>
    </ClInclude>
    <ClInclude Include="source\administer\scene\scene.h">
      <Filter>source\administer\scene</Filter>
    </ClInclude>
    <ClInclude Include="source\module\etc\Camera.h">
      <Filter>source\module\etc</Filter>
    </ClInclude>
    <ClInclude Include="source\module\etc\Fade.h">
      <Filter>source\module\etc</Filter>
    </ClInclude>
    <ClInclude Include="source\module\etc\Light.h">
      <Filter>source\module\etc</Filter>
    </ClInclude>
    <ClInclude Include="source\module\etc\LocusEffect.h">
      <Filter>source\module\etc</Filter>
    </ClInclude>
    <ClInclude Include="source\module\field\Domeunder.h">
      <Filter>source\module\field</Filter>
    </ClInclude>
    <ClInclude Include="source\module\etc\Ball.h">
      <Filter>source\module\etc</Filter>
    </ClInclude>
    <ClInclude Include="source\exten_common.h">
      <Filter>source</Filter>
    </ClInclude>
    <ClInclude Include="source\module\ui\Character.h">
      <Filter>source\module\ui</Filter>
    </ClInclude>
    <ClInclude Include="source\module\ui\font_texture.h">
      <Filter>source\module\ui</Filter>
    </ClInclude>
    <ClInclude Include="source\module\ui\Scenario.h">
      <Filter>source\module\ui</Filter>
    </ClInclude>
    <ClInclude Include="source\module\ui\sprite.h">
      <Filter>source\module\ui</Filter>
    </ClInclude>
    <ClInclude Include="source\module\ui\text_box.h">
      <Filter>source\module\ui</Filter>
    </ClInclude>
    <ClInclude Include="source\module\etc\Goal.h">
      <Filter>source\module\etc</Filter>
    </ClInclude>
    <ClInclude Include="source\module\ui\Button.h">
      <Filter>source\module\ui</Filter>
    </ClInclude>
    <ClInclude Include="source\module\ui\Cursor.h">
      <Filter>source\module\ui</Filter>
    </ClInclude>
    <ClInclude Include="source\administer\scene\StageSelect.h">
      <Filter>source\administer\scene</Filter>
    </ClInclude>
    <ClInclude Include="source\administer\wiicon\wiimote_common.h">
      <Filter>source\administer\wiicontrol</Filter>
    </ClInclude>
    <ClInclude Include="source\administer\wiicon\wiimote_state.h">
      <Filter>source\administer\wiicontrol</Filter>
    </ClInclude>
    <ClInclude Include="source\administer\wiicon\WiiRemote.h">
      <Filter>source\administer\wiicontrol</Filter>
    </ClInclude>
    <ClInclude Include="source\administer\wiicon\wiimote.h">
      <Filter>source\administer\wiicontrol</Filter>
    </ClInclude>
    <ClInclude Include="source\module\Gimmick\Gimmick.h">
      <Filter>source\module\Gimmick</Filter>
    </ClInclude>
    <ClInclude Include="source\module\Gimmick\Magnet.h">
      <Filter>source\module\Gimmick</Filter>
    </ClInclude>
    <ClInclude Include="source\administer\Texture.h">
      <Filter>source\administer</Filter>
    </ClInclude>
    <ClInclude Include="source\module\etc\ShotEffect.h">
      <Filter>source\module\etc</Filter>
    </ClInclude>
    <ClInclude Include="source\module\ui\BlowShot.h">
      <Filter>source\module\ui</Filter>
    </ClInclude>
    <ClInclude Include="source\Live2D\L2DExpressionMotion.h">
      <Filter>source\Live2D</Filter>
    </ClInclude>
    <ClInclude Include="source\Live2D\L2DEyeBlink.h">
      <Filter>source\Live2D</Filter>
    </ClInclude>
    <ClInclude Include="source\Live2D\L2DMotionManager.h">
      <Filter>source\Live2D</Filter>
    </ClInclude>
    <ClInclude Include="source\Live2D\L2DPhysics.h">
      <Filter>source\Live2D</Filter>
    </ClInclude>
    <ClInclude Include="source\Live2D\L2DPose.h">
      <Filter>source\Live2D</Filter>
    </ClInclude>
    <ClInclude Include="source\Live2D\Live2DManager.h">
      <Filter>source\Live2D</Filter>
    </ClInclude>
    <ClInclude Include="source\Live2D\Live2DModel.h">
      <Filter>source\Live2D</Filter>
    </ClInclude>
    <ClInclude Include="source\module\ui\Cupin.h">
      <Filter>source\module\ui</Filter>
    </ClInclude>
    <ClInclude Include="source\module\ui\Map.h">
      <Filter>source\module\ui</Filter>
    </ClInclude>
    <ClInclude Include="source\Live2D\renderTarget.h">
      <Filter>source\Live2D</Filter>
    </ClInclude>
    <ClInclude Include="source\administer\finalize.hpp">
      <Filter>source\administer</Filter>
    </ClInclude>
    <ClInclude Include="source\administer\entityFactory.hpp">
      <Filter>source\administer</Filter>
    </ClInclude>
  </ItemGroup>
  <ItemGroup>
    <Filter Include="source">
      <UniqueIdentifier>{40a3ad5a-8bd1-42f4-b932-48afecb46b98}</UniqueIdentifier>
    </Filter>
    <Filter Include="source\administer">
      <UniqueIdentifier>{63ab7bbb-ccbf-4032-a536-8547058e0e30}</UniqueIdentifier>
    </Filter>
    <Filter Include="source\form">
      <UniqueIdentifier>{6fc609f1-c1e7-43e6-b93b-9ca01e7d441b}</UniqueIdentifier>
    </Filter>
    <Filter Include="source\module">
      <UniqueIdentifier>{47631f82-0886-455d-9ead-e8516d87491a}</UniqueIdentifier>
    </Filter>
    <Filter Include="source\shader">
      <UniqueIdentifier>{4352b802-e5b4-4d7d-9a97-f0e9bccb2083}</UniqueIdentifier>
    </Filter>
    <Filter Include="source\administer\scene">
      <UniqueIdentifier>{376f23b3-760f-4d5b-87f3-434679199366}</UniqueIdentifier>
    </Filter>
    <Filter Include="source\module\parts">
      <UniqueIdentifier>{8d656717-da7c-42e8-9410-95e3c24467e6}</UniqueIdentifier>
    </Filter>
    <Filter Include="source\module\field">
      <UniqueIdentifier>{c0ca8ef9-2c12-4a75-827c-463885463956}</UniqueIdentifier>
    </Filter>
    <Filter Include="source\module\robot">
      <UniqueIdentifier>{f2f4e5c5-ca78-438f-b084-96a7af8e1aa1}</UniqueIdentifier>
    </Filter>
    <Filter Include="source\module\ui">
      <UniqueIdentifier>{8fe3251b-38b1-4298-9f7e-78c199010f56}</UniqueIdentifier>
    </Filter>
    <Filter Include="source\module\etc">
      <UniqueIdentifier>{e6135403-b361-449f-90f0-af9bc863cfb4}</UniqueIdentifier>
    </Filter>
    <Filter Include="source\administer\wiicontrol">
      <UniqueIdentifier>{6d321061-756c-4326-8a73-650139e20240}</UniqueIdentifier>
    </Filter>
    <Filter Include="source\module\Gimmick">
      <UniqueIdentifier>{58b1f297-636a-42c7-85e6-8d5cc538fb52}</UniqueIdentifier>
    </Filter>
    <Filter Include="source\Live2D">
      <UniqueIdentifier>{91fef631-aa15-4b53-8179-5f028c613dac}</UniqueIdentifier>
    </Filter>
  </ItemGroup>
  <ItemGroup>
    <None Include="source\shader\basicPS.hlsl">
      <Filter>source\shader</Filter>
    </None>
    <None Include="source\shader\basicVS.hlsl">
      <Filter>source\shader</Filter>
    </None>
  </ItemGroup>
</Project>